{
  "name": "qcobjects",
  "version": "2.1.218",
  "lockfileVersion": 1,
  "requires": true,
  "dependencies": {
    "qcobjects-sdk": {
      "version": "0.0.112",
      "resolved": "https://registry.npmjs.org/qcobjects-sdk/-/qcobjects-sdk-0.0.112.tgz",
      "integrity": "sha512-RHP+iMA7NlWH19RXbTt+oG400m3fiCmeq349eUyvc9R0ywrkCkC9y51PbbkLoxz0okLQwWaPyk3Urqavo3CwjA=="
    }
  }
}
