{
  "name": "qcobjects",
  "version": "2.1.218",
  "lockfileVersion": 1,
  "requires": true,
  "dependencies": {
    "qcobjects-sdk": {
      "version": "0.0.113",
      "resolved": "https://registry.npmjs.org/qcobjects-sdk/-/qcobjects-sdk-0.0.113.tgz",
      "integrity": "sha512-Q9iHZdcc2sdjQS6E700wZRiAaM+vSOm2PPUJ8I/PFFOlkd624O5r25XdE2afpNnn5p/Fo5y0NZrE7NYuw5E2VQ=="
    }
  }
}
